
Microsoft Visual Studio Solution File, Format Version 12.00
# Visual Studio Version 16
VisualStudioVersion = 16.0.29209.62
MinimumVisualStudioVersion = 10.0.40219.1
Project("{9092AA53-FB77-4645-B42D-1CCCA6BD08BD}") = "gAImeMaster-electron", "gAImeMaster-electron.njsproj", "{68654994-518B-473E-8204-BC60AA3F825A}"
EndProject
Global
	GlobalSection(SolutionConfigurationPlatforms) = preSolution
		Debug|Any CPU = Debug|Any CPU
		Release|Any CPU = Release|Any CPU
	EndGlobalSection
	GlobalSection(ProjectConfigurationPlatforms) = postSolution
		{68654994-518B-473E-8204-BC60AA3F825A}.Debug|Any CPU.ActiveCfg = Debug|Any CPU
		{68654994-518B-473E-8204-BC60AA3F825A}.Debug|Any CPU.Build.0 = Debug|Any CPU
		{68654994-518B-473E-8204-BC60AA3F825A}.Release|Any CPU.ActiveCfg = Release|Any CPU
		{68654994-518B-473E-8204-BC60AA3F825A}.Release|Any CPU.Build.0 = Release|Any CPU
	EndGlobalSection
	GlobalSection(SolutionProperties) = preSolution
		HideSolutionNode = FALSE
	EndGlobalSection
	GlobalSection(ExtensibilityGlobals) = postSolution
		SolutionGuid = {537507B5-2873-4BB8-B34D-FB0B08469A37}
	EndGlobalSection
EndGlobal
